
Microsoft Visual Studio Solution File, Format Version 12.00
# Visual Studio Version 17
VisualStudioVersion = 17.4.33110.190
MinimumVisualStudioVersion = 10.0.40219.1
Project("{FAE04EC0-301F-11D3-BF4B-00C04F79EFBC}") = "Web3CS", "Web3CS.csproj", "{BDC21179-B663-41A6-962C-1F54F99413C8}"
EndProject
Project("{FAE04EC0-301F-11D3-BF4B-00C04F79EFBC}") = "Web3CS.Console", "..\Web3CS.Console\Web3CS.Console.csproj", "{CCDBA1A7-15D0-4A1B-9A86-D83099B56889}"
EndProject
Project("{2150E333-8FDC-42A3-9474-1A3956D46DE8}") = "Solution Items", "Solution Items", "{A7C8BD19-763C-431D-BF58-F327670285E4}"
	ProjectSection(SolutionItems) = preProject
		..\.gitignore = ..\.gitignore
		..\README.md = ..\README.md
	EndProjectSection
EndProject
Global
	GlobalSection(SolutionConfigurationPlatforms) = preSolution
		Debug|Any CPU = Debug|Any CPU
		Release|Any CPU = Release|Any CPU
	EndGlobalSection
	GlobalSection(ProjectConfigurationPlatforms) = postSolution
		{BDC21179-B663-41A6-962C-1F54F99413C8}.Debug|Any CPU.ActiveCfg = Debug|Any CPU
		{BDC21179-B663-41A6-962C-1F54F99413C8}.Debug|Any CPU.Build.0 = Debug|Any CPU
		{BDC21179-B663-41A6-962C-1F54F99413C8}.Release|Any CPU.ActiveCfg = Release|Any CPU
		{BDC21179-B663-41A6-962C-1F54F99413C8}.Release|Any CPU.Build.0 = Release|Any CPU
		{CCDBA1A7-15D0-4A1B-9A86-D83099B56889}.Debug|Any CPU.ActiveCfg = Debug|Any CPU
		{CCDBA1A7-15D0-4A1B-9A86-D83099B56889}.Debug|Any CPU.Build.0 = Debug|Any CPU
		{CCDBA1A7-15D0-4A1B-9A86-D83099B56889}.Release|Any CPU.ActiveCfg = Release|Any CPU
		{CCDBA1A7-15D0-4A1B-9A86-D83099B56889}.Release|Any CPU.Build.0 = Release|Any CPU
	EndGlobalSection
	GlobalSection(SolutionProperties) = preSolution
		HideSolutionNode = FALSE
	EndGlobalSection
	GlobalSection(ExtensibilityGlobals) = postSolution
		SolutionGuid = {3CFC75DB-A1C0-4380-BE1D-E41A2F0012A4}
	EndGlobalSection
EndGlobal
